// !$*UTF8*$!
{
	archiveVersion = 1;
	classes = {
	};
	objectVersion = 46;
	objects = {

/* Begin PBXBuildFile section */
		060801481C1676F100B9A0A7 /* AppDelegate.swift in Sources */ = {isa = PBXBuildFile; fileRef = 060801471C1676F100B9A0A7 /* AppDelegate.swift */; };
		0608014A1C1676F100B9A0A7 /* ViewController.swift in Sources */ = {isa = PBXBuildFile; fileRef = 060801491C1676F100B9A0A7 /* ViewController.swift */; };
		0608014D1C1676F100B9A0A7 /* Main.storyboard in Resources */ = {isa = PBXBuildFile; fileRef = 0608014B1C1676F100B9A0A7 /* Main.storyboard */; };
		0608014F1C1676F100B9A0A7 /* Assets.xcassets in Resources */ = {isa = PBXBuildFile; fileRef = 0608014E1C1676F100B9A0A7 /* Assets.xcassets */; };
		060801521C1676F100B9A0A7 /* LaunchScreen.storyboard in Resources */ = {isa = PBXBuildFile; fileRef = 060801501C1676F100B9A0A7 /* LaunchScreen.storyboard */; };
		0608015D1C1676F100B9A0A7 /* TipCalculatorTests.swift in Sources */ = {isa = PBXBuildFile; fileRef = 0608015C1C1676F100B9A0A7 /* TipCalculatorTests.swift */; };
		060801681C1676F100B9A0A7 /* TipCalculatorUITests.swift in Sources */ = {isa = PBXBuildFile; fileRef = 060801671C1676F100B9A0A7 /* TipCalculatorUITests.swift */; };
/* End PBXBuildFile section */

/* Begin PBXContainerItemProxy section */
		060801591C1676F100B9A0A7 /* PBXContainerItemProxy */ = {
			isa = PBXContainerItemProxy;
			containerPortal = 0608013C1C1676F100B9A0A7 /* Project object */;
			proxyType = 1;
			remoteGlobalIDString = 060801431C1676F100B9A0A7;
			remoteInfo = TipCalculator;
		};
		060801641C1676F100B9A0A7 /* PBXContainerItemProxy */ = {
			isa = PBXContainerItemProxy;
			containerPortal = 0608013C1C1676F100B9A0A7 /* Project object */;
			proxyType = 1;
			remoteGlobalIDString = 060801431C1676F100B9A0A7;
			remoteInfo = TipCalculator;
		};
/* End PBXContainerItemProxy section */

/* Begin PBXFileReference section */
		060801441C1676F100B9A0A7 /* TipCalculator.app */ = {isa = PBXFileReference; explicitFileType = wrapper.application; includeInIndex = 0; path = TipCalculator.app; sourceTree = BUILT_PRODUCTS_DIR; };
		060801471C1676F100B9A0A7 /* AppDelegate.swift */ = {isa = PBXFileReference; lastKnownFileType = sourcecode.swift; path = AppDelegate.swift; sourceTree = "<group>"; };
		060801491C1676F100B9A0A7 /* ViewController.swift */ = {isa = PBXFileReference; lastKnownFileType = sourcecode.swift; path = ViewController.swift; sourceTree = "<group>"; };
		0608014C1C1676F100B9A0A7 /* Base */ = {isa = PBXFileReference; lastKnownFileType = file.storyboard; name = Base; path = Base.lproj/Main.storyboard; sourceTree = "<group>"; };
		0608014E1C1676F100B9A0A7 /* Assets.xcassets */ = {isa = PBXFileReference; lastKnownFileType = folder.assetcatalog; path = Assets.xcassets; sourceTree = "<group>"; };
		060801511C1676F100B9A0A7 /* Base */ = {isa = PBXFileReference; lastKnownFileType = file.storyboard; name = Base; path = Base.lproj/LaunchScreen.storyboard; sourceTree = "<group>"; };
		060801531C1676F100B9A0A7 /* Info.plist */ = {isa = PBXFileReference; lastKnownFileType = text.plist.xml; path = Info.plist; sourceTree = "<group>"; };
		060801581C1676F100B9A0A7 /* TipCalculatorTests.xctest */ = {isa = PBXFileReference; explicitFileType = wrapper.cfbundle; includeInIndex = 0; path = TipCalculatorTests.xctest; sourceTree = BUILT_PRODUCTS_DIR; };
		0608015C1C1676F100B9A0A7 /* TipCalculatorTests.swift */ = {isa = PBXFileReference; lastKnownFileType = sourcecode.swift; path = TipCalculatorTests.swift; sourceTree = "<group>"; };
		0608015E1C1676F100B9A0A7 /* Info.plist */ = {isa = PBXFileReference; lastKnownFileType = text.plist.xml; path = Info.plist; sourceTree = "<group>"; };
		060801631C1676F100B9A0A7 /* TipCalculatorUITests.xctest */ = {isa = PBXFileReference; explicitFileType = wrapper.cfbundle; includeInIndex = 0; path = TipCalculatorUITests.xctest; sourceTree = BUILT_PRODUCTS_DIR; };
		060801671C1676F100B9A0A7 /* TipCalculatorUITests.swift */ = {isa = PBXFileReference; lastKnownFileType = sourcecode.swift; path = TipCalculatorUITests.swift; sourceTree = "<group>"; };
		060801691C1676F100B9A0A7 /* Info.plist */ = {isa = PBXFileReference; lastKnownFileType = text.plist.xml; path = Info.plist; sourceTree = "<group>"; };
/* End PBXFileReference section */

/* Begin PBXFrameworksBuildPhase section */
		060801411C1676F100B9A0A7 /* Frameworks */ = {
			isa = PBXFrameworksBuildPhase;
			buildActionMask = 2147483647;
			files = (
			);
			runOnlyForDeploymentPostprocessing = 0;
		};
		060801551C1676F100B9A0A7 /* Frameworks */ = {
			isa = PBXFrameworksBuildPhase;
			buildActionMask = 2147483647;
			files = (
			);
			runOnlyForDeploymentPostprocessing = 0;
		};
		060801601C1676F100B9A0A7 /* Frameworks */ = {
			isa = PBXFrameworksBuildPhase;
			buildActionMask = 2147483647;
			files = (
			);
			runOnlyForDeploymentPostprocessing = 0;
		};
/* End PBXFrameworksBuildPhase section */

/* Begin PBXGroup section */
		0608013B1C1676F100B9A0A7 = {
			isa = PBXGroup;
			children = (
				060801461C1676F100B9A0A7 /* TipCalculator */,
				0608015B1C1676F100B9A0A7 /* TipCalculatorTests */,
				060801661C1676F100B9A0A7 /* TipCalculatorUITests */,
				060801451C1676F100B9A0A7 /* Products */,
			);
			sourceTree = "<group>";
		};
		060801451C1676F100B9A0A7 /* Products */ = {
			isa = PBXGroup;
			children = (
				060801441C1676F100B9A0A7 /* TipCalculator.app */,
				060801581C1676F100B9A0A7 /* TipCalculatorTests.xctest */,
				060801631C1676F100B9A0A7 /* TipCalculatorUITests.xctest */,
			);
			name = Products;
			sourceTree = "<group>";
		};
		060801461C1676F100B9A0A7 /* TipCalculator */ = {
			isa = PBXGroup;
			children = (
				060801471C1676F100B9A0A7 /* AppDelegate.swift */,
				060801491C1676F100B9A0A7 /* ViewController.swift */,
				0608014B1C1676F100B9A0A7 /* Main.storyboard */,
				0608014E1C1676F100B9A0A7 /* Assets.xcassets */,
				060801501C1676F100B9A0A7 /* LaunchScreen.storyboard */,
				060801531C1676F100B9A0A7 /* Info.plist */,
			);
			path = TipCalculator;
			sourceTree = "<group>";
		};
		0608015B1C1676F100B9A0A7 /* TipCalculatorTests */ = {
			isa = PBXGroup;
			children = (
				0608015C1C1676F100B9A0A7 /* TipCalculatorTests.swift */,
				0608015E1C1676F100B9A0A7 /* Info.plist */,
			);
			path = TipCalculatorTests;
			sourceTree = "<group>";
		};
		060801661C1676F100B9A0A7 /* TipCalculatorUITests */ = {
			isa = PBXGroup;
			children = (
				060801671C1676F100B9A0A7 /* TipCalculatorUITests.swift */,
				060801691C1676F100B9A0A7 /* Info.plist */,
			);
			path = TipCalculatorUITests;
			sourceTree = "<group>";
		};
/* End PBXGroup section */

/* Begin PBXNativeTarget section */
		060801431C1676F100B9A0A7 /* TipCalculator */ = {
			isa = PBXNativeTarget;
			buildConfigurationList = 0608016C1C1676F100B9A0A7 /* Build configuration list for PBXNativeTarget "TipCalculator" */;
			buildPhases = (
				060801401C1676F100B9A0A7 /* Sources */,
				060801411C1676F100B9A0A7 /* Frameworks */,
				060801421C1676F100B9A0A7 /* Resources */,
			);
			buildRules = (
			);
			dependencies = (
			);
			name = TipCalculator;
			productName = TipCalculator;
			productReference = 060801441C1676F100B9A0A7 /* TipCalculator.app */;
			productType = "com.apple.product-type.application";
		};
		060801571C1676F100B9A0A7 /* TipCalculatorTests */ = {
			isa = PBXNativeTarget;
			buildConfigurationList = 0608016F1C1676F100B9A0A7 /* Build configuration list for PBXNativeTarget "TipCalculatorTests" */;
			buildPhases = (
				060801541C1676F100B9A0A7 /* Sources */,
				060801551C1676F100B9A0A7 /* Frameworks */,
				060801561C1676F100B9A0A7 /* Resources */,
			);
			buildRules = (
			);
			dependencies = (
				0608015A1C1676F100B9A0A7 /* PBXTargetDependency */,
			);
			name = TipCalculatorTests;
			productName = TipCalculatorTests;
			productReference = 060801581C1676F100B9A0A7 /* TipCalculatorTests.xctest */;
			productType = "com.apple.product-type.bundle.unit-test";
		};
		060801621C1676F100B9A0A7 /* TipCalculatorUITests */ = {
			isa = PBXNativeTarget;
			buildConfigurationList = 060801721C1676F100B9A0A7 /* Build configuration list for PBXNativeTarget "TipCalculatorUITests" */;
			buildPhases = (
				0608015F1C1676F100B9A0A7 /* Sources */,
				060801601C1676F100B9A0A7 /* Frameworks */,
				060801611C1676F100B9A0A7 /* Resources */,
			);
			buildRules = (
			);
			dependencies = (
				060801651C1676F100B9A0A7 /* PBXTargetDependency */,
			);
			name = TipCalculatorUITests;
			productName = TipCalculatorUITests;
			productReference = 060801631C1676F100B9A0A7 /* TipCalculatorUITests.xctest */;
			productType = "com.apple.product-type.bundle.ui-testing";
		};
/* End PBXNativeTarget section */

/* Begin PBXProject section */
		0608013C1C1676F100B9A0A7 /* Project object */ = {
			isa = PBXProject;
			attributes = {
				LastSwiftUpdateCheck = 0710;
				LastUpgradeCheck = 0710;
				ORGANIZATIONNAME = Mallikarjun;
				TargetAttributes = {
					060801431C1676F100B9A0A7 = {
						CreatedOnToolsVersion = 7.1.1;
					};
					060801571C1676F100B9A0A7 = {
						CreatedOnToolsVersion = 7.1.1;
						TestTargetID = 060801431C1676F100B9A0A7;
					};
					060801621C1676F100B9A0A7 = {
						CreatedOnToolsVersion = 7.1.1;
						TestTargetID = 060801431C1676F100B9A0A7;
					};
				};
			};
			buildConfigurationList = 0608013F1C1676F100B9A0A7 /* Build configuration list for PBXProject "TipCalculator" */;
			compatibilityVersion = "Xcode 3.2";
			developmentRegion = English;
			hasScannedForEncodings = 0;
			knownRegions = (
				en,
				Base,
			);
			mainGroup = 0608013B1C1676F100B9A0A7;
			productRefGroup = 060801451C1676F100B9A0A7 /* Products */;
			projectDirPath = "";
			projectRoot = "";
			targets = (
				060801431C1676F100B9A0A7 /* TipCalculator */,
				060801571C1676F100B9A0A7 /* TipCalculatorTests */,
				060801621C1676F100B9A0A7 /* TipCalculatorUITests */,
			);
		};
/* End PBXProject section */

/* Begin PBXResourcesBuildPhase section */
		060801421C1676F100B9A0A7 /* Resources */ = {
			isa = PBXResourcesBuildPhase;
			buildActionMask = 2147483647;
			files = (
				060801521C1676F100B9A0A7 /* LaunchScreen.storyboard in Resources */,
				0608014F1C1676F100B9A0A7 /* Assets.xcassets in Resources */,
				0608014D1C1676F100B9A0A7 /* Main.storyboard in Resources */,
			);
			runOnlyForDeploymentPostprocessing = 0;
		};
		060801561C1676F100B9A0A7 /* Resources */ = {
			isa = PBXResourcesBuildPhase;
			buildActionMask = 2147483647;
			files = (
			);
			runOnlyForDeploymentPostprocessing = 0;
		};
		060801611C1676F100B9A0A7 /* Resources */ = {
			isa = PBXResourcesBuildPhase;
			buildActionMask = 2147483647;
			files = (
			);
			runOnlyForDeploymentPostprocessing = 0;
		};
/* End PBXResourcesBuildPhase section */

/* Begin PBXSourcesBuildPhase section */
		060801401C1676F100B9A0A7 /* Sources */ = {
			isa = PBXSourcesBuildPhase;
			buildActionMask = 2147483647;
			files = (
				0608014A1C1676F100B9A0A7 /* ViewController.swift in Sources */,
				060801481C1676F100B9A0A7 /* AppDelegate.swift in Sources */,
			);
			runOnlyForDeploymentPostprocessing = 0;
		};
		060801541C1676F100B9A0A7 /* Sources */ = {
			isa = PBXSourcesBuildPhase;
			buildActionMask = 2147483647;
			files = (
				0608015D1C1676F100B9A0A7 /* TipCalculatorTests.swift in Sources */,
			);
			runOnlyForDeploymentPostprocessing = 0;
		};
		0608015F1C1676F100B9A0A7 /* Sources */ = {
			isa = PBXSourcesBuildPhase;
			buildActionMask = 2147483647;
			files = (
				060801681C1676F100B9A0A7 /* TipCalculatorUITests.swift in Sources */,
			);
			runOnlyForDeploymentPostprocessing = 0;
		};
/* End PBXSourcesBuildPhase section */

/* Begin PBXTargetDependency section */
		0608015A1C1676F100B9A0A7 /* PBXTargetDependency */ = {
			isa = PBXTargetDependency;
			target = 060801431C1676F100B9A0A7 /* TipCalculator */;
			targetProxy = 060801591C1676F100B9A0A7 /* PBXContainerItemProxy */;
		};
		060801651C1676F100B9A0A7 /* PBXTargetDependency */ = {
			isa = PBXTargetDependency;
			target = 060801431C1676F100B9A0A7 /* TipCalculator */;
			targetProxy = 060801641C1676F100B9A0A7 /* PBXContainerItemProxy */;
		};
/* End PBXTargetDependency section */

/* Begin PBXVariantGroup section */
		0608014B1C1676F100B9A0A7 /* Main.storyboard */ = {
			isa = PBXVariantGroup;
			children = (
				0608014C1C1676F100B9A0A7 /* Base */,
			);
			name = Main.storyboard;
			sourceTree = "<group>";
		};
		060801501C1676F100B9A0A7 /* LaunchScreen.storyboard */ = {
			isa = PBXVariantGroup;
			children = (
				060801511C1676F100B9A0A7 /* Base */,
			);
			name = LaunchScreen.storyboard;
			sourceTree = "<group>";
		};
/* End PBXVariantGroup section */

/* Begin XCBuildConfiguration section */
		0608016A1C1676F100B9A0A7 /* Debug */ = {
			isa = XCBuildConfiguration;
			buildSettings = {
				ALWAYS_SEARCH_USER_PATHS = NO;
				CLANG_CXX_LANGUAGE_STANDARD = "gnu++0x";
				CLANG_CXX_LIBRARY = "libc++";
				CLANG_ENABLE_MODULES = YES;
				CLANG_ENABLE_OBJC_ARC = YES;
				CLANG_WARN_BOOL_CONVERSION = YES;
				CLANG_WARN_CONSTANT_CONVERSION = YES;
				CLANG_WARN_DIRECT_OBJC_ISA_USAGE = YES_ERROR;
				CLANG_WARN_EMPTY_BODY = YES;
				CLANG_WARN_ENUM_CONVERSION = YES;
				CLANG_WARN_INT_CONVERSION = YES;
				CLANG_WARN_OBJC_ROOT_CLASS = YES_ERROR;
				CLANG_WARN_UNREACHABLE_CODE = YES;
				CLANG_WARN__DUPLICATE_METHOD_MATCH = YES;
				"CODE_SIGN_IDENTITY[sdk=iphoneos*]" = "iPhone Developer";
				COPY_PHASE_STRIP = NO;
				DEBUG_INFORMATION_FORMAT = dwarf;
				ENABLE_STRICT_OBJC_MSGSEND = YES;
				ENABLE_TESTABILITY = YES;
				GCC_C_LANGUAGE_STANDARD = gnu99;
				GCC_DYNAMIC_NO_PIC = NO;
				GCC_NO_COMMON_BLOCKS = YES;
				GCC_OPTIMIZATION_LEVEL = 0;
				GCC_PREPROCESSOR_DEFINITIONS = (
					"DEBUG=1",
					"$(inherited)",
				);
				GCC_WARN_64_TO_32_BIT_CONVERSION = YES;
				GCC_WARN_ABOUT_RETURN_TYPE = YES_ERROR;
				GCC_WARN_UNDECLARED_SELECTOR = YES;
				GCC_WARN_UNINITIALIZED_AUTOS = YES_AGGRESSIVE;
				GCC_WARN_UNUSED_FUNCTION = YES;
				GCC_WARN_UNUSED_VARIABLE = YES;
				IPHONEOS_DEPLOYMENT_TARGET = 9.1;
				MTL_ENABLE_DEBUG_INFO = YES;
				ONLY_ACTIVE_ARCH = YES;
				SDKROOT = iphoneos;
				SWIFT_OPTIMIZATION_LEVEL = "-Onone";
			};
			name = Debug;
		};
		0608016B1C1676F100B9A0A7 /* Release */ = {
			isa = XCBuildConfiguration;
			buildSettings = {
				ALWAYS_SEARCH_USER_PATHS = NO;
				CLANG_CXX_LANGUAGE_STANDARD = "gnu++0x";
				CLANG_CXX_LIBRARY = "libc++";
				CLANG_ENABLE_MODULES = YES;
				CLANG_ENABLE_OBJC_ARC = YES;
				CLANG_WARN_BOOL_CONVERSION = YES;
				CLANG_WARN_CONSTANT_CONVERSION = YES;
				CLANG_WARN_DIRECT_OBJC_ISA_USAGE = YES_ERROR;
				CLANG_WARN_EMPTY_BODY = YES;
				CLANG_WARN_ENUM_CONVERSION = YES;
				CLANG_WARN_INT_CONVERSION = YES;
				CLANG_WARN_OBJC_ROOT_CLASS = YES_ERROR;
				CLANG_WARN_UNREACHABLE_CODE = YES;
				CLANG_WARN__DUPLICATE_METHOD_MATCH = YES;
				"CODE_SIGN_IDENTITY[sdk=iphoneos*]" = "iPhone Developer";
				COPY_PHASE_STRIP = NO;
				DEBUG_INFORMATION_FORMAT = "dwarf-with-dsym";
				ENABLE_NS_ASSERTIONS = NO;
				ENABLE_STRICT_OBJC_MSGSEND = YES;
				GCC_C_LANGUAGE_STANDARD = gnu99;
				GCC_NO_COMMON_BLOCKS = YES;
				GCC_WARN_64_TO_32_BIT_CONVERSION = YES;
				GCC_WARN_ABOUT_RETURN_TYPE = YES_ERROR;
				GCC_WARN_UNDECLARED_SELECTOR = YES;
				GCC_WARN_UNINITIALIZED_AUTOS = YES_AGGRESSIVE;
				GCC_WARN_UNUSED_FUNCTION = YES;
				GCC_WARN_UNUSED_VARIABLE = YES;
				IPHONEOS_DEPLOYMENT_TARGET = 9.1;
				MTL_ENABLE_DEBUG_INFO = NO;
				SDKROOT = iphoneos;
				VALIDATE_PRODUCT = YES;
			};
			name = Release;
		};
		0608016D1C1676F100B9A0A7 /* Debug */ = {
			isa = XCBuildConfiguration;
			buildSettings = {
				ASSETCATALOG_COMPILER_APPICON_NAME = AppIcon;
				INFOPLIST_FILE = TipCalculator/Info.plist;
				LD_RUNPATH_SEARCH_PATHS = "$(inherited) @executable_path/Frameworks";
				PRODUCT_BUNDLE_IDENTIFIER = com.mallikarjun.TipCalculator;
				PRODUCT_NAME = "$(TARGET_NAME)";
			};
			name = Debug;
		};
		0608016E1C1676F100B9A0A7 /* Release */ = {
			isa = XCBuildConfiguration;
			buildSettings = {
				ASSETCATALOG_COMPILER_APPICON_NAME = AppIcon;
				INFOPLIST_FILE = TipCalculator/Info.plist;
				LD_RUNPATH_SEARCH_PATHS = "$(inherited) @executable_path/Frameworks";
				PRODUCT_BUNDLE_IDENTIFIER = com.mallikarjun.TipCalculator;
				PRODUCT_NAME = "$(TARGET_NAME)";
			};
			name = Release;
		};
		060801701C1676F100B9A0A7 /* Debug */ = {
			isa = XCBuildConfiguration;
			buildSettings = {
				BUNDLE_LOADER = "$(TEST_HOST)";
				INFOPLIST_FILE = TipCalculatorTests/Info.plist;
				LD_RUNPATH_SEARCH_PATHS = "$(inherited) @executable_path/Frameworks @loader_path/Frameworks";
				PRODUCT_BUNDLE_IDENTIFIER = com.mallikarjun.TipCalculatorTests;
				PRODUCT_NAME = "$(TARGET_NAME)";
				TEST_HOST = "$(BUILT_PRODUCTS_DIR)/TipCalculator.app/TipCalculator";
			};
			name = Debug;
		};
		060801711C1676F100B9A0A7 /* Release */ = {
			isa = XCBuildConfiguration;
			buildSettings = {
				BUNDLE_LOADER = "$(TEST_HOST)";
				INFOPLIST_FILE = TipCalculatorTests/Info.plist;
				LD_RUNPATH_SEARCH_PATHS = "$(inherited) @executable_path/Frameworks @loader_path/Frameworks";
				PRODUCT_BUNDLE_IDENTIFIER = com.mallikarjun.TipCalculatorTests;
				PRODUCT_NAME = "$(TARGET_NAME)";
				TEST_HOST = "$(BUILT_PRODUCTS_DIR)/TipCalculator.app/TipCalculator";
			};
			name = Release;
		};
		060801731C1676F100B9A0A7 /* Debug */ = {
			isa = XCBuildConfiguration;
			buildSettings = {
				INFOPLIST_FILE = TipCalculatorUITests/Info.plist;
				LD_RUNPATH_SEARCH_PATHS = "$(inherited) @executable_path/Frameworks @loader_path/Frameworks";
				PRODUCT_BUNDLE_IDENTIFIER = com.mallikarjun.TipCalculatorUITests;
				PRODUCT_NAME = "$(TARGET_NAME)";
				TEST_TARGET_NAME = TipCalculator;
				USES_XCTRUNNER = YES;
			};
			name = Debug;
		};
		060801741C1676F100B9A0A7 /* Release */ = {
			isa = XCBuildConfiguration;
			buildSettings = {
				INFOPLIST_FILE = TipCalculatorUITests/Info.plist;
				LD_RUNPATH_SEARCH_PATHS = "$(inherited) @executable_path/Frameworks @loader_path/Frameworks";
				PRODUCT_BUNDLE_IDENTIFIER = com.mallikarjun.TipCalculatorUITests;
				PRODUCT_NAME = "$(TARGET_NAME)";
				TEST_TARGET_NAME = TipCalculator;
				USES_XCTRUNNER = YES;
			};
			name = Release;
		};
/* End XCBuildConfiguration section */

/* Begin XCConfigurationList section */
		0608013F1C1676F100B9A0A7 /* Build configuration list for PBXProject "TipCalculator" */ = {
			isa = XCConfigurationList;
			buildConfigurations = (
				0608016A1C1676F100B9A0A7 /* Debug */,
				0608016B1C1676F100B9A0A7 /* Release */,
			);
			defaultConfigurationIsVisible = 0;
			defaultConfigurationName = Release;
		};
		0608016C1C1676F100B9A0A7 /* Build configuration list for PBXNativeTarget "TipCalculator" */ = {
			isa = XCConfigurationList;
			buildConfigurations = (
				0608016D1C1676F100B9A0A7 /* Debug */,
				0608016E1C1676F100B9A0A7 /* Release */,
			);
			defaultConfigurationIsVisible = 0;
		};
		0608016F1C1676F100B9A0A7 /* Build configuration list for PBXNativeTarget "TipCalculatorTests" */ = {
			isa = XCConfigurationList;
			buildConfigurations = (
				060801701C1676F100B9A0A7 /* Debug */,
				060801711C1676F100B9A0A7 /* Release */,
			);
			defaultConfigurationIsVisible = 0;
		};
		060801721C1676F100B9A0A7 /* Build configuration list for PBXNativeTarget "TipCalculatorUITests" */ = {
			isa = XCConfigurationList;
			buildConfigurations = (
				060801731C1676F100B9A0A7 /* Debug */,
				060801741C1676F100B9A0A7 /* Release */,
			);
			defaultConfigurationIsVisible = 0;
		};
/* End XCConfigurationList section */
	};
	rootObject = 0608013C1C1676F100B9A0A7 /* Project object */;
}
